
Microsoft Visual Studio Solution File, Format Version 12.00
# Visual Studio Version 16
VisualStudioVersion = 16.0.29326.143
MinimumVisualStudioVersion = 10.0.40219.1
Project("{9A19103F-16F7-4668-BE54-9A1E7A4F7556}") = "NetCoreAutomation", "NetCoreAutomation\NetCoreAutomation.csproj", "{7420428E-85E1-414B-AF66-D077448EBAF2}"
EndProject
Global
	GlobalSection(SolutionConfigurationPlatforms) = preSolution
		Debug|Any CPU = Debug|Any CPU
		Release|Any CPU = Release|Any CPU
	EndGlobalSection
	GlobalSection(ProjectConfigurationPlatforms) = postSolution
		{7420428E-85E1-414B-AF66-D077448EBAF2}.Debug|Any CPU.ActiveCfg = Debug|Any CPU
		{7420428E-85E1-414B-AF66-D077448EBAF2}.Debug|Any CPU.Build.0 = Debug|Any CPU
		{7420428E-85E1-414B-AF66-D077448EBAF2}.Release|Any CPU.ActiveCfg = Release|Any CPU
		{7420428E-85E1-414B-AF66-D077448EBAF2}.Release|Any CPU.Build.0 = Release|Any CPU
	EndGlobalSection
	GlobalSection(SolutionProperties) = preSolution
		HideSolutionNode = FALSE
	EndGlobalSection
	GlobalSection(ExtensibilityGlobals) = postSolution
		SolutionGuid = {E3ADADBF-AFC9-4E1B-B920-40E6ECC8BF12}
	EndGlobalSection
EndGlobal
